// !$*UTF8*$!
{
	archiveVersion = 1;
	classes = {
	};
	objectVersion = 56;
	objects = {

/* Begin PBXBuildFile section */
		300F796B2A458DC000C9D083 /* AudioPlayer.swift in Sources */ = {isa = PBXBuildFile; fileRef = 300F796A2A458DC000C9D083 /* AudioPlayer.swift */; };
		30444F422A3B06A6000B5350 /* MotionManager.swift in Sources */ = {isa = PBXBuildFile; fileRef = 30444F412A3B06A6000B5350 /* MotionManager.swift */; };
		30AF1B572A44426E00EC6B90 /* StaminaBar.swift in Sources */ = {isa = PBXBuildFile; fileRef = 30AF1B562A44426E00EC6B90 /* StaminaBar.swift */; };
		30FF2CCE2A48718C0075735F /* game_menu.mov in Resources */ = {isa = PBXBuildFile; fileRef = 30FF2CCD2A48718C0075735F /* game_menu.mov */; };
		4BFC23CF2A384AEC00DD26E7 /* DoodleJumpApp.swift in Sources */ = {isa = PBXBuildFile; fileRef = 4BFC23CE2A384AEC00DD26E7 /* DoodleJumpApp.swift */; };
		4BFC23D12A384AEC00DD26E7 /* ContentView.swift in Sources */ = {isa = PBXBuildFile; fileRef = 4BFC23D02A384AEC00DD26E7 /* ContentView.swift */; };
		4BFC23D32A384AED00DD26E7 /* Assets.xcassets in Resources */ = {isa = PBXBuildFile; fileRef = 4BFC23D22A384AED00DD26E7 /* Assets.xcassets */; };
		4BFC23D62A384AED00DD26E7 /* Preview Assets.xcassets in Resources */ = {isa = PBXBuildFile; fileRef = 4BFC23D52A384AED00DD26E7 /* Preview Assets.xcassets */; };
		4BFC23DD2A38563B00DD26E7 /* StartScene.sks in Resources */ = {isa = PBXBuildFile; fileRef = 4BFC23DC2A38563A00DD26E7 /* StartScene.sks */; };
		4BFC23DF2A385EE700DD26E7 /* GameScene.swift in Sources */ = {isa = PBXBuildFile; fileRef = 4BFC23DE2A385EE700DD26E7 /* GameScene.swift */; };
		4BFC23E12A39CCA600DD26E7 /* GameOverScene.swift in Sources */ = {isa = PBXBuildFile; fileRef = 4BFC23E02A39CCA600DD26E7 /* GameOverScene.swift */; };
/* End PBXBuildFile section */

/* Begin PBXFileReference section */
		300F796A2A458DC000C9D083 /* AudioPlayer.swift */ = {isa = PBXFileReference; lastKnownFileType = sourcecode.swift; path = AudioPlayer.swift; sourceTree = "<group>"; };
		30444F412A3B06A6000B5350 /* MotionManager.swift */ = {isa = PBXFileReference; lastKnownFileType = sourcecode.swift; path = MotionManager.swift; sourceTree = "<group>"; };
		30AF1B562A44426E00EC6B90 /* StaminaBar.swift */ = {isa = PBXFileReference; lastKnownFileType = sourcecode.swift; path = StaminaBar.swift; sourceTree = "<group>"; };
		30FF2CCD2A48718C0075735F /* game_menu.mov */ = {isa = PBXFileReference; lastKnownFileType = video.quicktime; path = game_menu.mov; sourceTree = "<group>"; };
		4BFC23CB2A384AEC00DD26E7 /* DoodleJump.app */ = {isa = PBXFileReference; explicitFileType = wrapper.application; includeInIndex = 0; path = DoodleJump.app; sourceTree = BUILT_PRODUCTS_DIR; };
		4BFC23CE2A384AEC00DD26E7 /* DoodleJumpApp.swift */ = {isa = PBXFileReference; lastKnownFileType = sourcecode.swift; path = DoodleJumpApp.swift; sourceTree = "<group>"; };
		4BFC23D02A384AEC00DD26E7 /* ContentView.swift */ = {isa = PBXFileReference; lastKnownFileType = sourcecode.swift; path = ContentView.swift; sourceTree = "<group>"; };
		4BFC23D22A384AED00DD26E7 /* Assets.xcassets */ = {isa = PBXFileReference; lastKnownFileType = folder.assetcatalog; path = Assets.xcassets; sourceTree = "<group>"; };
		4BFC23D52A384AED00DD26E7 /* Preview Assets.xcassets */ = {isa = PBXFileReference; lastKnownFileType = folder.assetcatalog; path = "Preview Assets.xcassets"; sourceTree = "<group>"; };
		4BFC23DC2A38563A00DD26E7 /* StartScene.sks */ = {isa = PBXFileReference; lastKnownFileType = file.sks; path = StartScene.sks; sourceTree = "<group>"; };
		4BFC23DE2A385EE700DD26E7 /* GameScene.swift */ = {isa = PBXFileReference; lastKnownFileType = sourcecode.swift; path = GameScene.swift; sourceTree = "<group>"; };
		4BFC23E02A39CCA600DD26E7 /* GameOverScene.swift */ = {isa = PBXFileReference; lastKnownFileType = sourcecode.swift; path = GameOverScene.swift; sourceTree = "<group>"; };
/* End PBXFileReference section */

/* Begin PBXFrameworksBuildPhase section */
		4BFC23C82A384AEC00DD26E7 /* Frameworks */ = {
			isa = PBXFrameworksBuildPhase;
			buildActionMask = 2147483647;
			files = (
			);
			runOnlyForDeploymentPostprocessing = 0;
		};
/* End PBXFrameworksBuildPhase section */

/* Begin PBXGroup section */
		4BFC23C22A384AEC00DD26E7 = {
			isa = PBXGroup;
			children = (
				4BFC23CD2A384AEC00DD26E7 /* DoodleJump */,
				4BFC23CC2A384AEC00DD26E7 /* Products */,
			);
			sourceTree = "<group>";
		};
		4BFC23CC2A384AEC00DD26E7 /* Products */ = {
			isa = PBXGroup;
			children = (
				4BFC23CB2A384AEC00DD26E7 /* DoodleJump.app */,
			);
			name = Products;
			sourceTree = "<group>";
		};
		4BFC23CD2A384AEC00DD26E7 /* DoodleJump */ = {
			isa = PBXGroup;
			children = (
				30FF2CCD2A48718C0075735F /* game_menu.mov */,
				4BFC23DE2A385EE700DD26E7 /* GameScene.swift */,
				4BFC23CE2A384AEC00DD26E7 /* DoodleJumpApp.swift */,
				4BFC23D02A384AEC00DD26E7 /* ContentView.swift */,
				4BFC23DC2A38563A00DD26E7 /* StartScene.sks */,
				4BFC23D22A384AED00DD26E7 /* Assets.xcassets */,
				4BFC23D42A384AED00DD26E7 /* Preview Content */,
				4BFC23E02A39CCA600DD26E7 /* GameOverScene.swift */,
				30444F412A3B06A6000B5350 /* MotionManager.swift */,
				30AF1B562A44426E00EC6B90 /* StaminaBar.swift */,
				300F796A2A458DC000C9D083 /* AudioPlayer.swift */,
			);
			path = DoodleJump;
			sourceTree = "<group>";
		};
		4BFC23D42A384AED00DD26E7 /* Preview Content */ = {
			isa = PBXGroup;
			children = (
				4BFC23D52A384AED00DD26E7 /* Preview Assets.xcassets */,
			);
			path = "Preview Content";
			sourceTree = "<group>";
		};
/* End PBXGroup section */

/* Begin PBXNativeTarget section */
		4BFC23CA2A384AEC00DD26E7 /* DoodleJump */ = {
			isa = PBXNativeTarget;
			buildConfigurationList = 4BFC23D92A384AED00DD26E7 /* Build configuration list for PBXNativeTarget "DoodleJump" */;
			buildPhases = (
				4BFC23C72A384AEC00DD26E7 /* Sources */,
				4BFC23C82A384AEC00DD26E7 /* Frameworks */,
				4BFC23C92A384AEC00DD26E7 /* Resources */,
			);
			buildRules = (
			);
			dependencies = (
			);
			name = DoodleJump;
			productName = DoodleJump;
			productReference = 4BFC23CB2A384AEC00DD26E7 /* DoodleJump.app */;
			productType = "com.apple.product-type.application";
		};
/* End PBXNativeTarget section */

/* Begin PBXProject section */
		4BFC23C32A384AEC00DD26E7 /* Project object */ = {
			isa = PBXProject;
			attributes = {
				BuildIndependentTargetsInParallel = 1;
				LastSwiftUpdateCheck = 1420;
				LastUpgradeCheck = 1420;
				TargetAttributes = {
					4BFC23CA2A384AEC00DD26E7 = {
						CreatedOnToolsVersion = 14.2;
					};
				};
			};
			buildConfigurationList = 4BFC23C62A384AEC00DD26E7 /* Build configuration list for PBXProject "DoodleJump" */;
			compatibilityVersion = "Xcode 14.0";
			developmentRegion = en;
			hasScannedForEncodings = 0;
			knownRegions = (
				en,
				Base,
			);
			mainGroup = 4BFC23C22A384AEC00DD26E7;
			productRefGroup = 4BFC23CC2A384AEC00DD26E7 /* Products */;
			projectDirPath = "";
			projectRoot = "";
			targets = (
				4BFC23CA2A384AEC00DD26E7 /* DoodleJump */,
			);
		};
/* End PBXProject section */

/* Begin PBXResourcesBuildPhase section */
		4BFC23C92A384AEC00DD26E7 /* Resources */ = {
			isa = PBXResourcesBuildPhase;
			buildActionMask = 2147483647;
			files = (
				4BFC23DD2A38563B00DD26E7 /* StartScene.sks in Resources */,
				4BFC23D62A384AED00DD26E7 /* Preview Assets.xcassets in Resources */,
				4BFC23D32A384AED00DD26E7 /* Assets.xcassets in Resources */,
				30FF2CCE2A48718C0075735F /* game_menu.mov in Resources */,
			);
			runOnlyForDeploymentPostprocessing = 0;
		};
/* End PBXResourcesBuildPhase section */

/* Begin PBXSourcesBuildPhase section */
		4BFC23C72A384AEC00DD26E7 /* Sources */ = {
			isa = PBXSourcesBuildPhase;
			buildActionMask = 2147483647;
			files = (
				4BFC23DF2A385EE700DD26E7 /* GameScene.swift in Sources */,
				30AF1B572A44426E00EC6B90 /* StaminaBar.swift in Sources */,
				30444F422A3B06A6000B5350 /* MotionManager.swift in Sources */,
				4BFC23D12A384AEC00DD26E7 /* ContentView.swift in Sources */,
				4BFC23E12A39CCA600DD26E7 /* GameOverScene.swift in Sources */,
				4BFC23CF2A384AEC00DD26E7 /* DoodleJumpApp.swift in Sources */,
				300F796B2A458DC000C9D083 /* AudioPlayer.swift in Sources */,
			);
			runOnlyForDeploymentPostprocessing = 0;
		};
/* End PBXSourcesBuildPhase section */

/* Begin XCBuildConfiguration section */
		4BFC23D72A384AED00DD26E7 /* Debug */ = {
			isa = XCBuildConfiguration;
			buildSettings = {
				ALWAYS_SEARCH_USER_PATHS = NO;
				CLANG_ANALYZER_NONNULL = YES;
				CLANG_ANALYZER_NUMBER_OBJECT_CONVERSION = YES_AGGRESSIVE;
				CLANG_CXX_LANGUAGE_STANDARD = "gnu++20";
				CLANG_ENABLE_MODULES = YES;
				CLANG_ENABLE_OBJC_ARC = YES;
				CLANG_ENABLE_OBJC_WEAK = YES;
				CLANG_WARN_BLOCK_CAPTURE_AUTORELEASING = YES;
				CLANG_WARN_BOOL_CONVERSION = YES;
				CLANG_WARN_COMMA = YES;
				CLANG_WARN_CONSTANT_CONVERSION = YES;
				CLANG_WARN_DEPRECATED_OBJC_IMPLEMENTATIONS = YES;
				CLANG_WARN_DIRECT_OBJC_ISA_USAGE = YES_ERROR;
				CLANG_WARN_DOCUMENTATION_COMMENTS = YES;
				CLANG_WARN_EMPTY_BODY = YES;
				CLANG_WARN_ENUM_CONVERSION = YES;
				CLANG_WARN_INFINITE_RECURSION = YES;
				CLANG_WARN_INT_CONVERSION = YES;
				CLANG_WARN_NON_LITERAL_NULL_CONVERSION = YES;
				CLANG_WARN_OBJC_IMPLICIT_RETAIN_SELF = YES;
				CLANG_WARN_OBJC_LITERAL_CONVERSION = YES;
				CLANG_WARN_OBJC_ROOT_CLASS = YES_ERROR;
				CLANG_WARN_QUOTED_INCLUDE_IN_FRAMEWORK_HEADER = YES;
				CLANG_WARN_RANGE_LOOP_ANALYSIS = YES;
				CLANG_WARN_STRICT_PROTOTYPES = YES;
				CLANG_WARN_SUSPICIOUS_MOVE = YES;
				CLANG_WARN_UNGUARDED_AVAILABILITY = YES_AGGRESSIVE;
				CLANG_WARN_UNREACHABLE_CODE = YES;
				CLANG_WARN__DUPLICATE_METHOD_MATCH = YES;
				COPY_PHASE_STRIP = NO;
				DEBUG_INFORMATION_FORMAT = dwarf;
				ENABLE_STRICT_OBJC_MSGSEND = YES;
				ENABLE_TESTABILITY = YES;
				GCC_C_LANGUAGE_STANDARD = gnu11;
				GCC_DYNAMIC_NO_PIC = NO;
				GCC_NO_COMMON_BLOCKS = YES;
				GCC_OPTIMIZATION_LEVEL = 0;
				GCC_PREPROCESSOR_DEFINITIONS = (
					"DEBUG=1",
					"$(inherited)",
				);
				GCC_WARN_64_TO_32_BIT_CONVERSION = YES;
				GCC_WARN_ABOUT_RETURN_TYPE = YES_ERROR;
				GCC_WARN_UNDECLARED_SELECTOR = YES;
				GCC_WARN_UNINITIALIZED_AUTOS = YES_AGGRESSIVE;
				GCC_WARN_UNUSED_FUNCTION = YES;
				GCC_WARN_UNUSED_VARIABLE = YES;
				IPHONEOS_DEPLOYMENT_TARGET = 16.2;
				MTL_ENABLE_DEBUG_INFO = INCLUDE_SOURCE;
				MTL_FAST_MATH = YES;
				ONLY_ACTIVE_ARCH = YES;
				SDKROOT = iphoneos;
				SWIFT_ACTIVE_COMPILATION_CONDITIONS = DEBUG;
				SWIFT_OPTIMIZATION_LEVEL = "-Onone";
			};
			name = Debug;
		};
		4BFC23D82A384AED00DD26E7 /* Release */ = {
			isa = XCBuildConfiguration;
			buildSettings = {
				ALWAYS_SEARCH_USER_PATHS = NO;
				CLANG_ANALYZER_NONNULL = YES;
				CLANG_ANALYZER_NUMBER_OBJECT_CONVERSION = YES_AGGRESSIVE;
				CLANG_CXX_LANGUAGE_STANDARD = "gnu++20";
				CLANG_ENABLE_MODULES = YES;
				CLANG_ENABLE_OBJC_ARC = YES;
				CLANG_ENABLE_OBJC_WEAK = YES;
				CLANG_WARN_BLOCK_CAPTURE_AUTORELEASING = YES;
				CLANG_WARN_BOOL_CONVERSION = YES;
				CLANG_WARN_COMMA = YES;
				CLANG_WARN_CONSTANT_CONVERSION = YES;
				CLANG_WARN_DEPRECATED_OBJC_IMPLEMENTATIONS = YES;
				CLANG_WARN_DIRECT_OBJC_ISA_USAGE = YES_ERROR;
				CLANG_WARN_DOCUMENTATION_COMMENTS = YES;
				CLANG_WARN_EMPTY_BODY = YES;
				CLANG_WARN_ENUM_CONVERSION = YES;
				CLANG_WARN_INFINITE_RECURSION = YES;
				CLANG_WARN_INT_CONVERSION = YES;
				CLANG_WARN_NON_LITERAL_NULL_CONVERSION = YES;
				CLANG_WARN_OBJC_IMPLICIT_RETAIN_SELF = YES;
				CLANG_WARN_OBJC_LITERAL_CONVERSION = YES;
				CLANG_WARN_OBJC_ROOT_CLASS = YES_ERROR;
				CLANG_WARN_QUOTED_INCLUDE_IN_FRAMEWORK_HEADER = YES;
				CLANG_WARN_RANGE_LOOP_ANALYSIS = YES;
				CLANG_WARN_STRICT_PROTOTYPES = YES;
				CLANG_WARN_SUSPICIOUS_MOVE = YES;
				CLANG_WARN_UNGUARDED_AVAILABILITY = YES_AGGRESSIVE;
				CLANG_WARN_UNREACHABLE_CODE = YES;
				CLANG_WARN__DUPLICATE_METHOD_MATCH = YES;
				COPY_PHASE_STRIP = NO;
				DEBUG_INFORMATION_FORMAT = "dwarf-with-dsym";
				ENABLE_NS_ASSERTIONS = NO;
				ENABLE_STRICT_OBJC_MSGSEND = YES;
				GCC_C_LANGUAGE_STANDARD = gnu11;
				GCC_NO_COMMON_BLOCKS = YES;
				GCC_WARN_64_TO_32_BIT_CONVERSION = YES;
				GCC_WARN_ABOUT_RETURN_TYPE = YES_ERROR;
				GCC_WARN_UNDECLARED_SELECTOR = YES;
				GCC_WARN_UNINITIALIZED_AUTOS = YES_AGGRESSIVE;
				GCC_WARN_UNUSED_FUNCTION = YES;
				GCC_WARN_UNUSED_VARIABLE = YES;
				IPHONEOS_DEPLOYMENT_TARGET = 16.2;
				MTL_ENABLE_DEBUG_INFO = NO;
				MTL_FAST_MATH = YES;
				SDKROOT = iphoneos;
				SWIFT_COMPILATION_MODE = wholemodule;
				SWIFT_OPTIMIZATION_LEVEL = "-O";
				VALIDATE_PRODUCT = YES;
			};
			name = Release;
		};
		4BFC23DA2A384AED00DD26E7 /* Debug */ = {
			isa = XCBuildConfiguration;
			buildSettings = {
				ASSETCATALOG_COMPILER_APPICON_NAME = AppIcon;
				ASSETCATALOG_COMPILER_GLOBAL_ACCENT_COLOR_NAME = AccentColor;
				CODE_SIGN_STYLE = Automatic;
				CURRENT_PROJECT_VERSION = 1;
				DEVELOPMENT_ASSET_PATHS = "\"DoodleJump/Preview Content\"";
				DEVELOPMENT_TEAM = 3R8392Y763;
				ENABLE_PREVIEWS = YES;
				GENERATE_INFOPLIST_FILE = YES;
				INFOPLIST_KEY_UIApplicationSceneManifest_Generation = YES;
				INFOPLIST_KEY_UIApplicationSupportsIndirectInputEvents = YES;
				INFOPLIST_KEY_UILaunchScreen_Generation = YES;
				INFOPLIST_KEY_UISupportedInterfaceOrientations_iPad = "UIInterfaceOrientationPortrait UIInterfaceOrientationPortraitUpsideDown UIInterfaceOrientationLandscapeLeft UIInterfaceOrientationLandscapeRight";
				INFOPLIST_KEY_UISupportedInterfaceOrientations_iPhone = "UIInterfaceOrientationPortrait UIInterfaceOrientationLandscapeLeft UIInterfaceOrientationLandscapeRight";
				LD_RUNPATH_SEARCH_PATHS = (
					"$(inherited)",
					"@executable_path/Frameworks",
				);
				MARKETING_VERSION = 1.0;
				PRODUCT_BUNDLE_IDENTIFIER = test.DoodleJump;
				PRODUCT_NAME = "$(TARGET_NAME)";
				SWIFT_EMIT_LOC_STRINGS = YES;
				SWIFT_VERSION = 5.0;
				TARGETED_DEVICE_FAMILY = "1,2";
			};
			name = Debug;
		};
		4BFC23DB2A384AED00DD26E7 /* Release */ = {
			isa = XCBuildConfiguration;
			buildSettings = {
				ASSETCATALOG_COMPILER_APPICON_NAME = AppIcon;
				ASSETCATALOG_COMPILER_GLOBAL_ACCENT_COLOR_NAME = AccentColor;
				CODE_SIGN_STYLE = Automatic;
				CURRENT_PROJECT_VERSION = 1;
				DEVELOPMENT_ASSET_PATHS = "\"DoodleJump/Preview Content\"";
				DEVELOPMENT_TEAM = BJQUJR83ZY;
				ENABLE_PREVIEWS = YES;
				GENERATE_INFOPLIST_FILE = YES;
				INFOPLIST_KEY_UIApplicationSceneManifest_Generation = YES;
				INFOPLIST_KEY_UIApplicationSupportsIndirectInputEvents = YES;
				INFOPLIST_KEY_UILaunchScreen_Generation = YES;
				INFOPLIST_KEY_UISupportedInterfaceOrientations_iPad = "UIInterfaceOrientationPortrait UIInterfaceOrientationPortraitUpsideDown UIInterfaceOrientationLandscapeLeft UIInterfaceOrientationLandscapeRight";
				INFOPLIST_KEY_UISupportedInterfaceOrientations_iPhone = "UIInterfaceOrientationPortrait UIInterfaceOrientationLandscapeLeft UIInterfaceOrientationLandscapeRight";
				LD_RUNPATH_SEARCH_PATHS = (
					"$(inherited)",
					"@executable_path/Frameworks",
				);
				MARKETING_VERSION = 1.0;
				PRODUCT_BUNDLE_IDENTIFIER = test.DoodleJump;
				PRODUCT_NAME = "$(TARGET_NAME)";
				SWIFT_EMIT_LOC_STRINGS = YES;
				SWIFT_VERSION = 5.0;
				TARGETED_DEVICE_FAMILY = "1,2";
			};
			name = Release;
		};
/* End XCBuildConfiguration section */

/* Begin XCConfigurationList section */
		4BFC23C62A384AEC00DD26E7 /* Build configuration list for PBXProject "DoodleJump" */ = {
			isa = XCConfigurationList;
			buildConfigurations = (
				4BFC23D72A384AED00DD26E7 /* Debug */,
				4BFC23D82A384AED00DD26E7 /* Release */,
			);
			defaultConfigurationIsVisible = 0;
			defaultConfigurationName = Release;
		};
		4BFC23D92A384AED00DD26E7 /* Build configuration list for PBXNativeTarget "DoodleJump" */ = {
			isa = XCConfigurationList;
			buildConfigurations = (
				4BFC23DA2A384AED00DD26E7 /* Debug */,
				4BFC23DB2A384AED00DD26E7 /* Release */,
			);
			defaultConfigurationIsVisible = 0;
			defaultConfigurationName = Release;
		};
/* End XCConfigurationList section */
	};
	rootObject = 4BFC23C32A384AEC00DD26E7 /* Project object */;
}
